
Microsoft Visual Studio Solution File, Format Version 12.00
# Visual Studio Version 17
VisualStudioVersion = 17.12.35521.163 d17.12
MinimumVisualStudioVersion = 10.0.40219.1
Project("{FAE04EC0-301F-11D3-BF4B-00C04F79EFBC}") = "MyRestoAngularNet.Server", "MyRestoAngularNet.Server\MyRestoAngularNet.Server.csproj", "{DF94F412-13AE-4E1F-8A12-92FE1358FBA0}"
EndProject
Project("{54A90642-561A-4BB1-A94E-469ADEE60C69}") = "myrestoangularnet.client", "myrestoangularnet.client\myrestoangularnet.client.esproj", "{F810C7CA-E41D-4BAE-B76F-CA4DCE5195D7}"
EndProject
Global
	GlobalSection(SolutionConfigurationPlatforms) = preSolution
		Debug|Any CPU = Debug|Any CPU
		Release|Any CPU = Release|Any CPU
	EndGlobalSection
	GlobalSection(ProjectConfigurationPlatforms) = postSolution
		{DF94F412-13AE-4E1F-8A12-92FE1358FBA0}.Debug|Any CPU.ActiveCfg = Debug|Any CPU
		{DF94F412-13AE-4E1F-8A12-92FE1358FBA0}.Debug|Any CPU.Build.0 = Debug|Any CPU
		{DF94F412-13AE-4E1F-8A12-92FE1358FBA0}.Release|Any CPU.ActiveCfg = Release|Any CPU
		{DF94F412-13AE-4E1F-8A12-92FE1358FBA0}.Release|Any CPU.Build.0 = Release|Any CPU
		{F810C7CA-E41D-4BAE-B76F-CA4DCE5195D7}.Debug|Any CPU.ActiveCfg = Debug|Any CPU
		{F810C7CA-E41D-4BAE-B76F-CA4DCE5195D7}.Debug|Any CPU.Build.0 = Debug|Any CPU
		{F810C7CA-E41D-4BAE-B76F-CA4DCE5195D7}.Debug|Any CPU.Deploy.0 = Debug|Any CPU
		{F810C7CA-E41D-4BAE-B76F-CA4DCE5195D7}.Release|Any CPU.ActiveCfg = Release|Any CPU
		{F810C7CA-E41D-4BAE-B76F-CA4DCE5195D7}.Release|Any CPU.Build.0 = Release|Any CPU
		{F810C7CA-E41D-4BAE-B76F-CA4DCE5195D7}.Release|Any CPU.Deploy.0 = Release|Any CPU
	EndGlobalSection
	GlobalSection(SolutionProperties) = preSolution
		HideSolutionNode = FALSE
	EndGlobalSection
EndGlobal
